{
  "name": "portfoliowebsite",
  "version": "1.0.0",
  "lockfileVersion": 2,
  "requires": true,
  "packages": {
    "": {
      "name": "portfoliowebsite",
      "version": "1.0.0",
      "license": "ISC",
      "dependencies": {
        "@glidejs/glide": "^3.5.2",
        "two.js": "^0.7.12"
      }
    },
    "node_modules/@glidejs/glide": {
      "version": "3.5.2",
      "resolved": "https://registry.npmjs.org/@glidejs/glide/-/glide-3.5.2.tgz",
      "integrity": "sha512-7jGciNJ2bQ4eZLSNlSZ+VAyW63kALf420CvkEpK4lEsUfWJq9odqimci0YCiyNyMUFB+pWHwLYyNc57dijYsCg=="
    },
    "node_modules/two.js": {
      "version": "0.7.12",
      "resolved": "https://registry.npmjs.org/two.js/-/two.js-0.7.12.tgz",
      "integrity": "sha512-TJsbTY/ZcsttYATkiw7sAfCZ0TE+XZB1ysTxbRj/WKGq1AwnfbFLlsbtnQ4TwqcaWhd4i0OScrcnD4JZLjIK+w=="
    }
  },
  "dependencies": {
    "@glidejs/glide": {
      "version": "3.5.2",
      "resolved": "https://registry.npmjs.org/@glidejs/glide/-/glide-3.5.2.tgz",
      "integrity": "sha512-7jGciNJ2bQ4eZLSNlSZ+VAyW63kALf420CvkEpK4lEsUfWJq9odqimci0YCiyNyMUFB+pWHwLYyNc57dijYsCg=="
    },
    "two.js": {
      "version": "0.7.12",
      "resolved": "https://registry.npmjs.org/two.js/-/two.js-0.7.12.tgz",
      "integrity": "sha512-TJsbTY/ZcsttYATkiw7sAfCZ0TE+XZB1ysTxbRj/WKGq1AwnfbFLlsbtnQ4TwqcaWhd4i0OScrcnD4JZLjIK+w=="
    }
  }
}
